{
    "_meta": {
        "hash": {
            "sha256": "6f6e32bcb9471b8e5d7493fae737f2bb5061acfadb2776830560d7796e0befaa"
        },
        "host-environment-markers": {
            "implementation_name": "cpython",
            "implementation_version": "3.6.4",
            "os_name": "nt",
            "platform_machine": "AMD64",
            "platform_python_implementation": "CPython",
            "platform_release": "10",
            "platform_system": "Windows",
            "platform_version": "10.0.16299",
            "python_full_version": "3.6.4",
            "python_version": "3.6",
            "sys_platform": "win32"
        },
        "pipfile-spec": 6,
        "requires": {},
        "sources": [
            {
                "name": "pypi",
                "url": "https://pypi.python.org/simple",
                "verify_ssl": true
            }
        ]
    },
    "default": {
        "django": {
            "hashes": [
                "sha256:7c8ff92285406fb349e765e9ade685eec7271d6f5c3f918e495a74768b765c99",
                "sha256:dc3b61d054f1bced64628c62025d480f655303aea9f408e5996c339a543b45f0"
            ],
            "version": "==2.0.2"
        },
        "django-appconf": {
            "hashes": [
                "sha256:ddab987d14b26731352c01ee69c090a4ebfc9141ed223bef039d79587f22acd9",
                "sha256:6a4d9aea683b4c224d97ab8ee11ad2d29a37072c0c6c509896dd9857466fb261"
            ],
            "version": "==1.0.2"
        },
        "django-bootstrap3": {
            "hashes": [
                "sha256:9f56fa30a2c32142a2785148816cc4e14e7efc8699c5f87a8cb5be162a81658d"
            ],
            "version": "==9.1.0"
        },
        "django-compressor": {
            "hashes": [
                "sha256:7732676cfb9d58498dfb522b036f75f3f253f72ea1345ac036434fdc418c2e57",
                "sha256:9616570e5b08e92fa9eadc7a1b1b49639cce07ef392fc27c74230ab08075b30f"
            ],
            "version": "==2.2"
        },
        "django-qrcode": {
            "hashes": [
                "sha256:88598af03087859c30b83ecd345dd3e988d739f13543e0bef9274eda18d55e0c"
            ],
            "version": "==0.3"
        },
        "django-sass-processor": {
            "hashes": [
                "sha256:7cd40dc107c9fc027a3bb4432e2382e2038d90627f11fa2b4da65d995f595309"
            ],
            "version": "==0.5.8"
        },
        "libsass": {
            "hashes": [
                "sha256:c246d63f9e6b87f4a6b4a4ef854749fdf07bfe4b2ad2f6a94817281dc3320ef1",
                "sha256:d0760722506efba7226f58049cf30fe983757cf1e27d106af1af7be90a955638",
                "sha256:54bcb9a400ea05a35e50dedfa423f100f216877c58620a1f413d2d467930935a",
                "sha256:99b98f4713c7e6abc5be741a12ebf9a2e2b97523963c370be0c906c4e405284f",
                "sha256:59754484be012b920a4b7a133ed76d18abe901afac9d1834270a7595ccef50b6",
                "sha256:14f478fddfdc8e0162d3c960b8e541b223ed0e591a505bd6a682dc9d63fec731",
                "sha256:3d3705493d41c72bfca7017462bd8e5cec28412db849d0d961e85b6842da8ca1",
                "sha256:36b48491b32cb07b44d4052bcd893b48deb0eeb16360feae3b8a96607db9178d",
                "sha256:dcab89045041f74bcc2b164e0dce7e6727eaf45857bb341892154cbbd122a238",
                "sha256:e1c72399f1df24b70697ca7de73e1b54a7617f1bf1162cc6c7ae1f6eb78ec387",
                "sha256:d8eb806a451d8f01a990f0b1d270936939205dd36fdf3dc09d9ac53d410b2575",
                "sha256:d1f57c7384f5beb849c7e6c0553fbfab1f7f50c65c5e2fc95d6c867854241832",
                "sha256:4c61c807aa55b3cc47c70cf654fe1c605d2836df0af82b94075aa00f0be04885",
                "sha256:0c6b237f12649f9f99d09ccebb8f6c1f0181cccfbf4efede84c69625df0b7102",
                "sha256:d3b16bb2d509069180665c7b7ef2408c531c26153ed5d01566a862961bc14771"
            ],
            "version": "==0.13.7"
        },
        "pytz": {
            "hashes": [
                "sha256:ed6509d9af298b7995d69a440e2822288f2eca1681b8cce37673dbb10091e5fe",
                "sha256:f93ddcdd6342f94cea379c73cddb5724e0d6d0a1c91c9bdef364dc0368ba4fda",
                "sha256:61242a9abc626379574a166dc0e96a66cd7c3b27fc10868003fa210be4bff1c9",
                "sha256:ba18e6a243b3625513d85239b3e49055a2f0318466e0b8a92b8fb8ca7ccdf55f",
                "sha256:07edfc3d4d2705a20a6e99d97f0c4b61c800b8232dc1c04d87e8554f130148dd",
                "sha256:3a47ff71597f821cd84a162e71593004286e5be07a340fd462f0d33a760782b5",
                "sha256:5bd55c744e6feaa4d599a6cbd8228b4f8f9ba96de2c38d56f08e534b3c9edf0d",
                "sha256:887ab5e5b32e4d0c86efddd3d055c1f363cbaa583beb8da5e22d2fa2f64d51ef",
                "sha256:410bcd1d6409026fbaa65d9ed33bf6dd8b1e94a499e32168acfc7b332e4095c0"
            ],
            "version": "==2018.3"
        },
        "rcssmin": {
            "hashes": [
                "sha256:ca87b695d3d7864157773a61263e5abb96006e9ff0e021eff90cbe0e1ba18270"
            ],
            "version": "==1.0.6"
        },
        "rjsmin": {
            "hashes": [
                "sha256:dd9591aa73500b08b7db24367f8d32c6470021f39d5ab4e50c7c02e4401386f1"
            ],
            "version": "==1.0.12"
        },
        "six": {
            "hashes": [
                "sha256:832dc0e10feb1aa2c68dcc57dbb658f1c7e65b9b61af69048abc87a2db00a0eb",
                "sha256:70e8a77beed4562e7f14fe23a786b54f6296e34344c23bc42f07b15018ff98e9"
            ],
            "version": "==1.11.0"
        }
    },
    "develop": {}
}
