{
    "_meta": {
        "hash": {
            "sha256": "0301f7ae4b9d531dd49fb273cee9796744afb2e9d638e27d75eff34be70b2d3f"
        },
        "host-environment-markers": {
            "implementation_name": "cpython",
            "implementation_version": "3.6.4",
            "os_name": "nt",
            "platform_machine": "AMD64",
            "platform_python_implementation": "CPython",
            "platform_release": "10",
            "platform_system": "Windows",
            "platform_version": "10.0.16299",
            "python_full_version": "3.6.4",
            "python_version": "3.6",
            "sys_platform": "win32"
        },
        "pipfile-spec": 6,
        "requires": {},
        "sources": [
            {
                "name": "pypi",
                "url": "https://pypi.python.org/simple",
                "verify_ssl": true
            }
        ]
    },
    "default": {
        "django": {
            "hashes": [
                "sha256:2d8b9eed8815f172a8e898678ae4289a5e9176bc08295676eff4228dd638ea61",
                "sha256:d81a1652963c81488e709729a80b510394050e312f386037f26b54912a3a10d0"
            ],
            "version": "==2.0.4"
        },
        "django-appconf": {
            "hashes": [
                "sha256:ddab987d14b26731352c01ee69c090a4ebfc9141ed223bef039d79587f22acd9",
                "sha256:6a4d9aea683b4c224d97ab8ee11ad2d29a37072c0c6c509896dd9857466fb261"
            ],
            "version": "==1.0.2"
        },
        "django-bootstrap3": {
            "hashes": [
                "sha256:9f56fa30a2c32142a2785148816cc4e14e7efc8699c5f87a8cb5be162a81658d"
            ],
            "version": "==9.1.0"
        },
        "django-compressor": {
            "hashes": [
                "sha256:7732676cfb9d58498dfb522b036f75f3f253f72ea1345ac036434fdc418c2e57",
                "sha256:9616570e5b08e92fa9eadc7a1b1b49639cce07ef392fc27c74230ab08075b30f"
            ],
            "version": "==2.2"
        },
        "django-excel": {
            "hashes": [
                "sha256:f0297202fc460eb74657f8a9d4473921050fbe2e297765c174be9cf33d1195c7",
                "sha256:81cd3bce8007009c30205f7085a97f2908557014900775577cab0b9a770c2bad"
            ],
            "version": "==0.0.10"
        },
        "django-filter": {
            "hashes": [
                "sha256:ea204242ea83790e1512c9d0d8255002a652a6f4986e93cee664f28955ba0c22",
                "sha256:ec0ef1ba23ef95b1620f5d481334413700fb33f45cd76d56a63f4b0b1d76976a"
            ],
            "version": "==1.1.0"
        },
        "django-qrcode": {
            "hashes": [
                "sha256:88598af03087859c30b83ecd345dd3e988d739f13543e0bef9274eda18d55e0c"
            ],
            "version": "==0.3"
        },
        "django-sass-processor": {
            "hashes": [
                "sha256:84ce7f076778b4222093173d1182a66fa6340bdff6170b0fd06b9610fee07dd0"
            ],
            "version": "==0.6"
        },
        "djangorestframework": {
            "hashes": [
                "sha256:c375e4f95a3a64fccac412e36fb42ba36881e52313ec021ef410b40f67cddca4",
                "sha256:b6714c3e4b0f8d524f193c91ecf5f5450092c2145439ac2769711f7eba89a9d9"
            ],
            "version": "==3.8.2"
        },
        "libsass": {
            "hashes": [
                "sha256:fdd7e2988b0583741bcf0ed7b0bf399ef953bde3202ffd99938a9311cedb49e1",
                "sha256:9c50104d23c1bc2a244a7c0f643c70f829fe3d32b5c7560c73bd8e19f0f3cc69",
                "sha256:3aebec38d6e97d6708b86a440c64e9a09aae81ce1f12096327f0dbb009139320",
                "sha256:a15620e15439e63967a98a2b21e04dce57fa22802193e04eb0bdbf2fb454ca7a",
                "sha256:84c20f3ea0cb9c8e203eb12b6f92e0cdfdce589f896e48e4260b1fde3a76bd2c",
                "sha256:3901ddc513eada236bbabfff4417f092d72107b69ceeb7adb66b1eab5244f686",
                "sha256:bfa73138fd8789c282036368883c70a552ef918c8332866b8d27695074480998",
                "sha256:37c74a18ac495f2a023a4349fcdab33b38f7dbf15a4a407fc895712b038e3047",
                "sha256:be2ad46cae6ab0e17460fa5d27fcff833c301cb8babe85cd765e3c90255c132d",
                "sha256:6df1b830d47fef48bcfcd45dd56722c9a4a344ee670b6cfec214136b174266f9",
                "sha256:51ae0025b44e80e0f8f11837100c44b17214c2e287bf46ca199900110a8490eb",
                "sha256:58b93dd2c0559ad390ddd93ffc4ad9964a5eb9b3fe2e983e700be5e441116284",
                "sha256:37904d91741137041fd5f91b665e0a7b8756c0cb3c9b7415e0b4cd15f3843560",
                "sha256:543a6f5cafb37b59879c42871cfb87625016628fc20c0687c5279e16ecd2d6f5",
                "sha256:78124f7178d4ada5a75d6c1be2a21e000c292f2117e7f0b5f7bcd3845ba7e6fd"
            ],
            "version": "==0.14.3"
        },
        "lml": {
            "hashes": [
                "sha256:58a11170ecb0ce5e4680ad8971f1e353b795d58953217d65c9a56e0d774261d6",
                "sha256:12783c8851bb1b1aacf6d139aa41fb529e1723bff863e71034af07a55bf1e5a3"
            ],
            "version": "==0.0.1"
        },
        "markdown": {
            "hashes": [
                "sha256:9ba587db9daee7ec761cfc656272be6aabe2ed300fece21208e4aab2e457bc8f",
                "sha256:a856869c7ff079ad84a3e19cd87a64998350c2b94e9e08e44270faef33400f81"
            ],
            "version": "==2.6.11"
        },
        "pyexcel": {
            "hashes": [
                "sha256:4c470a7059d54e1c24112008a3410d1ff16d65fc47fa32a87d9581f1d92db11e",
                "sha256:7554b140729eaa679c0d627d5a44c787cd7216a917fa61f3da9f6b91438c9d43"
            ],
            "version": "==0.5.8"
        },
        "pyexcel-io": {
            "hashes": [
                "sha256:de90abfe12aee85c4d09f3f1179041f1adbcfb0b8f2c0b3a80fc737f23a66091",
                "sha256:49f450044926f884fc7405f2217bf079d7d672a37dae8545e5b814e9fb3bb930"
            ],
            "version": "==0.5.6"
        },
        "pyexcel-webio": {
            "hashes": [
                "sha256:3583cf7dcddb747520a8a90e93cf07b0584878b56b3c41c46d132b458a6cfd00",
                "sha256:039538f1b35351f1632891dde29ef4d7fba744e217678ebb5a501336e28ca265"
            ],
            "version": "==0.1.4"
        },
        "pytz": {
            "hashes": [
                "sha256:65ae0c8101309c45772196b21b74c46b2e5d11b6275c45d251b150d5da334555",
                "sha256:c06425302f2cf668f1bba7a0a03f3c1d34d4ebeef2c72003da308b3947c7f749"
            ],
            "version": "==2018.4"
        },
        "rcssmin": {
            "hashes": [
                "sha256:ca87b695d3d7864157773a61263e5abb96006e9ff0e021eff90cbe0e1ba18270"
            ],
            "version": "==1.0.6"
        },
        "rjsmin": {
            "hashes": [
                "sha256:dd9591aa73500b08b7db24367f8d32c6470021f39d5ab4e50c7c02e4401386f1"
            ],
            "version": "==1.0.12"
        },
        "six": {
            "hashes": [
                "sha256:832dc0e10feb1aa2c68dcc57dbb658f1c7e65b9b61af69048abc87a2db00a0eb",
                "sha256:70e8a77beed4562e7f14fe23a786b54f6296e34344c23bc42f07b15018ff98e9"
            ],
            "version": "==1.11.0"
        },
        "texttable": {
            "hashes": [
                "sha256:c89dc0148ae29645917aab7e970a30d1af565b3ca276cef8ab1a60469f0d8100"
            ],
            "version": "==1.2.1"
        },
        "whitenoise": {
            "hashes": [
                "sha256:15f43b2e701821b95c9016cf469d29e2a546cb1c7dead584ba82c36f843995cf",
                "sha256:9d81515f2b5b27051910996e1e860b1332e354d9e7bcf30c98f21dcb6713e0dd"
            ],
            "version": "==3.3.1"
        }
    },
    "develop": {}
}
